// !$*UTF8*$!
{
	archiveVersion = 1;
	classes = {
	};
	objectVersion = 55;
	objects = {

/* Begin PBXBuildFile section */
		B802DF8C279FC5E80034D12D /* HTTPStatusCode.swift in Sources */ = {isa = PBXBuildFile; fileRef = B802DF8B279FC5E80034D12D /* HTTPStatusCode.swift */; };
		B802DF92279FD78B0034D12D /* User.swift in Sources */ = {isa = PBXBuildFile; fileRef = B802DF91279FD78B0034D12D /* User.swift */; };
		B80A0C262796939E004E1BB3 /* SnapKit in Frameworks */ = {isa = PBXBuildFile; productRef = B80A0C252796939E004E1BB3 /* SnapKit */; };
		B80A0C28279696F8004E1BB3 /* MessageViewController.swift in Sources */ = {isa = PBXBuildFile; fileRef = B80A0C27279696F8004E1BB3 /* MessageViewController.swift */; };
		B80A0C2B279699BF004E1BB3 /* RxCocoa in Frameworks */ = {isa = PBXBuildFile; productRef = B80A0C2A279699BF004E1BB3 /* RxCocoa */; };
		B80A0C2D279699BF004E1BB3 /* RxSwift in Frameworks */ = {isa = PBXBuildFile; productRef = B80A0C2C279699BF004E1BB3 /* RxSwift */; };
		B80A0C372796C4DE004E1BB3 /* UIColor+Extension.swift in Sources */ = {isa = PBXBuildFile; fileRef = B80A0C362796C4DE004E1BB3 /* UIColor+Extension.swift */; };
		B80A0C3B2796C61E004E1BB3 /* UIFont+Extension.swift in Sources */ = {isa = PBXBuildFile; fileRef = B80A0C3A2796C61E004E1BB3 /* UIFont+Extension.swift */; };
		B80A0C3D2796CC22004E1BB3 /* UILabel+Extension.swift in Sources */ = {isa = PBXBuildFile; fileRef = B80A0C3C2796CC22004E1BB3 /* UILabel+Extension.swift */; };
		B80A0C3F2796D283004E1BB3 /* CustomUILabel.swift in Sources */ = {isa = PBXBuildFile; fileRef = B80A0C3E2796D283004E1BB3 /* CustomUILabel.swift */; };
		B80A0C412796D9D3004E1BB3 /* CustomLabelTest.storyboard in Resources */ = {isa = PBXBuildFile; fileRef = B80A0C402796D9D3004E1BB3 /* CustomLabelTest.storyboard */; };
		B80A0C442796E905004E1BB3 /* NotoSansKR-Regular.otf in Resources */ = {isa = PBXBuildFile; fileRef = B80A0C422796E904004E1BB3 /* NotoSansKR-Regular.otf */; };
		B80A0C452796E905004E1BB3 /* NotoSansKR-Medium.otf in Resources */ = {isa = PBXBuildFile; fileRef = B80A0C432796E905004E1BB3 /* NotoSansKR-Medium.otf */; };
		B80A0C4A279707C3004E1BB3 /* Moya in Frameworks */ = {isa = PBXBuildFile; productRef = B80A0C49279707C3004E1BB3 /* Moya */; };
		B80A0C4C279707C3004E1BB3 /* RxMoya in Frameworks */ = {isa = PBXBuildFile; productRef = B80A0C4B279707C3004E1BB3 /* RxMoya */; };
		B80A0C4E27970808004E1BB3 /* APIService.swift in Sources */ = {isa = PBXBuildFile; fileRef = B80A0C4D27970808004E1BB3 /* APIService.swift */; };
		B80A0C502797080F004E1BB3 /* APITarget.swift in Sources */ = {isa = PBXBuildFile; fileRef = B80A0C4F2797080F004E1BB3 /* APITarget.swift */; };
		B80A0C52279719EA004E1BB3 /* SignupView.swift in Sources */ = {isa = PBXBuildFile; fileRef = B80A0C51279719EA004E1BB3 /* SignupView.swift */; };
		B80A0C5427971C14004E1BB3 /* UnderlineTextField+Extension.swift in Sources */ = {isa = PBXBuildFile; fileRef = B80A0C5327971C14004E1BB3 /* UnderlineTextField+Extension.swift */; };
		B80A0C5627971C1C004E1BB3 /* UIButton+Extension.swift in Sources */ = {isa = PBXBuildFile; fileRef = B80A0C5527971C1C004E1BB3 /* UIButton+Extension.swift */; };
		B80A0C5827971CC0004E1BB3 /* UIView+Extension.swift in Sources */ = {isa = PBXBuildFile; fileRef = B80A0C5727971CC0004E1BB3 /* UIView+Extension.swift */; };
		B80A0C5A279720C2004E1BB3 /* CustomTextField.swift in Sources */ = {isa = PBXBuildFile; fileRef = B80A0C59279720C2004E1BB3 /* CustomTextField.swift */; };
		B80F4E9C27C0E14000D02121 /* QueueHTTPViewModel.swift in Sources */ = {isa = PBXBuildFile; fileRef = B80F4E9B27C0E14000D02121 /* QueueHTTPViewModel.swift */; };
		B816DB1327B2D23B00BC16E3 /* MainCase.swift in Sources */ = {isa = PBXBuildFile; fileRef = B816DB1227B2D23B00BC16E3 /* MainCase.swift */; };
		B816DB1527B2F1DF00BC16E3 /* OnQueueHTTPViewModel.swift in Sources */ = {isa = PBXBuildFile; fileRef = B816DB1427B2F1DF00BC16E3 /* OnQueueHTTPViewModel.swift */; };
		B816DB1727B2F4CE00BC16E3 /* AroundUser.swift in Sources */ = {isa = PBXBuildFile; fileRef = B816DB1627B2F4CE00BC16E3 /* AroundUser.swift */; };
		B816DB1B27B327F500BC16E3 /* Int+Extension.swift in Sources */ = {isa = PBXBuildFile; fileRef = B816DB1A27B327F500BC16E3 /* Int+Extension.swift */; };
		B82037CA27AA5AFF00B3BC4A /* UINavigationController+Extension.swift in Sources */ = {isa = PBXBuildFile; fileRef = B82037C927AA5AFF00B3BC4A /* UINavigationController+Extension.swift */; };
		B82037CE27AA980B00B3BC4A /* CustomTabBar.swift in Sources */ = {isa = PBXBuildFile; fileRef = B82037CD27AA980B00B3BC4A /* CustomTabBar.swift */; };
		B82037D027AA9B0900B3BC4A /* MyProfileView.swift in Sources */ = {isa = PBXBuildFile; fileRef = B82037CF27AA9B0900B3BC4A /* MyProfileView.swift */; };
		B82037D227AA9B1600B3BC4A /* MyProfileViewModel.swift in Sources */ = {isa = PBXBuildFile; fileRef = B82037D127AA9B1600B3BC4A /* MyProfileViewModel.swift */; };
		B82988F727C4EF0D001C54CF /* CustomUIView.swift in Sources */ = {isa = PBXBuildFile; fileRef = B82988F627C4EF0D001C54CF /* CustomUIView.swift */; };
		B837C7F827C21B8500B61260 /* ResultRequestViewModel.swift in Sources */ = {isa = PBXBuildFile; fileRef = B837C7F727C21B8500B61260 /* ResultRequestViewModel.swift */; };
		B837C7FA27C21B9500B61260 /* ResultRequestView.swift in Sources */ = {isa = PBXBuildFile; fileRef = B837C7F927C21B9500B61260 /* ResultRequestView.swift */; };
		B837C7FD27C250C400B61260 /* Tabman in Frameworks */ = {isa = PBXBuildFile; productRef = B837C7FC27C250C400B61260 /* Tabman */; };
		B837C7FF27C2785900B61260 /* ResultNearSesacViewController.swift in Sources */ = {isa = PBXBuildFile; fileRef = B837C7FE27C2785900B61260 /* ResultNearSesacViewController.swift */; };
		B837C80127C2788600B61260 /* ResultReceivedSesacViewController.swift in Sources */ = {isa = PBXBuildFile; fileRef = B837C80027C2788600B61260 /* ResultReceivedSesacViewController.swift */; };
		B837C80327C29D9600B61260 /* ResultSesacView.swift in Sources */ = {isa = PBXBuildFile; fileRef = B837C80227C29D9600B61260 /* ResultSesacView.swift */; };
		B837C80527C2C08F00B61260 /* ResultSesacViewModel.swift in Sources */ = {isa = PBXBuildFile; fileRef = B837C80427C2C08F00B61260 /* ResultSesacViewModel.swift */; };
		B837C80727C2C09B00B61260 /* ResultHttpViewModel.swift in Sources */ = {isa = PBXBuildFile; fileRef = B837C80627C2C09B00B61260 /* ResultHttpViewModel.swift */; };
		B8391B9427BACBF500330B9C /* LeftAlignedCollectionView.swift in Sources */ = {isa = PBXBuildFile; fileRef = B8391B9327BACBF500330B9C /* LeftAlignedCollectionView.swift */; };
		B843159827B8F58D00A6050A /* LabelUnderImgButton.swift in Sources */ = {isa = PBXBuildFile; fileRef = B843159727B8F58D00A6050A /* LabelUnderImgButton.swift */; };
		B843159A27B8F5BD00A6050A /* HobbyButton.swift in Sources */ = {isa = PBXBuildFile; fileRef = B843159927B8F5BD00A6050A /* HobbyButton.swift */; };
		B843159C27B9892C00A6050A /* DynamicHeightCollectionView.swift in Sources */ = {isa = PBXBuildFile; fileRef = B843159B27B9892C00A6050A /* DynamicHeightCollectionView.swift */; };
		B8452E7D27A3C51A00C9BC06 /* MyInfoView.swift in Sources */ = {isa = PBXBuildFile; fileRef = B8452E7C27A3C51A00C9BC06 /* MyInfoView.swift */; };
		B8452E7F27A3C53400C9BC06 /* MyInfoViewController.swift in Sources */ = {isa = PBXBuildFile; fileRef = B8452E7E27A3C53400C9BC06 /* MyInfoViewController.swift */; };
		B8452E8127A3C55500C9BC06 /* MyInfoViewModel.swift in Sources */ = {isa = PBXBuildFile; fileRef = B8452E8027A3C55500C9BC06 /* MyInfoViewModel.swift */; };
		B8452E8427A3C96B00C9BC06 /* MyInfoCell.swift in Sources */ = {isa = PBXBuildFile; fileRef = B8452E8327A3C96B00C9BC06 /* MyInfoCell.swift */; };
		B8452E8627A3C97500C9BC06 /* MyProfileCell.swift in Sources */ = {isa = PBXBuildFile; fileRef = B8452E8527A3C97500C9BC06 /* MyProfileCell.swift */; };
		B8452E8827A41ABC00C9BC06 /* MyInfo.swift in Sources */ = {isa = PBXBuildFile; fileRef = B8452E8727A41ABC00C9BC06 /* MyInfo.swift */; };
		B8452E8B27A43EB400C9BC06 /* RxDataSources in Frameworks */ = {isa = PBXBuildFile; productRef = B8452E8A27A43EB400C9BC06 /* RxDataSources */; };
		B8452E8D27A44FA300C9BC06 /* MyProfileViewController.swift in Sources */ = {isa = PBXBuildFile; fileRef = B8452E8C27A44FA300C9BC06 /* MyProfileViewController.swift */; };
		B84EBD8727B139A80000A137 /* MapViewModel.swift in Sources */ = {isa = PBXBuildFile; fileRef = B84EBD8627B139A80000A137 /* MapViewModel.swift */; };
		B84EBD8927B139AE0000A137 /* MapView.swift in Sources */ = {isa = PBXBuildFile; fileRef = B84EBD8827B139AE0000A137 /* MapView.swift */; };
		B84F2A0527968BC900D2169C /* GoogleService-Info.plist in Resources */ = {isa = PBXBuildFile; fileRef = B84F2A0427968BC900D2169C /* GoogleService-Info.plist */; };
		B8519AD7279A7A4C0054D7B8 /* OnboardingViewController.swift in Sources */ = {isa = PBXBuildFile; fileRef = B8519AD6279A7A4C0054D7B8 /* OnboardingViewController.swift */; };
		B8519AFB279A9B9A0054D7B8 /* OnboardingCell.swift in Sources */ = {isa = PBXBuildFile; fileRef = B8519AFA279A9B9A0054D7B8 /* OnboardingCell.swift */; };
		B8519AFE279ADCA60054D7B8 /* AnyFormatKit in Frameworks */ = {isa = PBXBuildFile; productRef = B8519AFD279ADCA60054D7B8 /* AnyFormatKit */; };
		B8519B00279AE3520054D7B8 /* PhoneNumViewModel.swift in Sources */ = {isa = PBXBuildFile; fileRef = B8519AFF279AE3520054D7B8 /* PhoneNumViewModel.swift */; };
		B8519B02279AE35C0054D7B8 /* AuthViewModel.swift in Sources */ = {isa = PBXBuildFile; fileRef = B8519B01279AE35C0054D7B8 /* AuthViewModel.swift */; };
		B8519B0B279B2E730054D7B8 /* Toast in Frameworks */ = {isa = PBXBuildFile; productRef = B8519B0A279B2E730054D7B8 /* Toast */; };
		B85ACB6C27AD23CE00F7D8AD /* CustomCardView.swift in Sources */ = {isa = PBXBuildFile; fileRef = B85ACB6B27AD23CE00F7D8AD /* CustomCardView.swift */; };
		B8747A8A279E49CD00FF90AD /* BirthViewModel.swift in Sources */ = {isa = PBXBuildFile; fileRef = B8747A89279E49CD00FF90AD /* BirthViewModel.swift */; };
		B8747A8C279E4A6E00FF90AD /* EmailViewModel.swift in Sources */ = {isa = PBXBuildFile; fileRef = B8747A8B279E4A6E00FF90AD /* EmailViewModel.swift */; };
		B8747A8E279E4A9F00FF90AD /* GenderViewModel.swift in Sources */ = {isa = PBXBuildFile; fileRef = B8747A8D279E4A9F00FF90AD /* GenderViewModel.swift */; };
		B8747A96279E511600FF90AD /* UserDefault+Extension.swift in Sources */ = {isa = PBXBuildFile; fileRef = B8747A95279E511600FF90AD /* UserDefault+Extension.swift */; };
		B8747A9A279EAA4300FF90AD /* Date+Extension.swift in Sources */ = {isa = PBXBuildFile; fileRef = B8747A99279EAA4300FF90AD /* Date+Extension.swift */; };
		B87757F3279C7C730009E2D2 /* NetworkResult.swift in Sources */ = {isa = PBXBuildFile; fileRef = B87757F2279C7C730009E2D2 /* NetworkResult.swift */; };
		B87D42D627A76037002D528D /* SignupHTTPViewModel.swift in Sources */ = {isa = PBXBuildFile; fileRef = B87D42D527A76037002D528D /* SignupHTTPViewModel.swift */; };
		B87D42D927A76C80002D528D /* CommonUtility.swift in Sources */ = {isa = PBXBuildFile; fileRef = B87D42D827A76C80002D528D /* CommonUtility.swift */; };
		B87D42DB27A76E92002D528D /* SignupCase.swift in Sources */ = {isa = PBXBuildFile; fileRef = B87D42DA27A76E92002D528D /* SignupCase.swift */; };
		B87F672E279626A400A30366 /* FirebaseAnalytics in Frameworks */ = {isa = PBXBuildFile; productRef = B87F672D279626A400A30366 /* FirebaseAnalytics */; };
		B87F6730279626A400A30366 /* FirebaseAuth in Frameworks */ = {isa = PBXBuildFile; productRef = B87F672F279626A400A30366 /* FirebaseAuth */; };
		B87F6732279626A400A30366 /* FirebaseCrashlytics in Frameworks */ = {isa = PBXBuildFile; productRef = B87F6731279626A400A30366 /* FirebaseCrashlytics */; };
		B87F6734279626A400A30366 /* FirebaseMessaging in Frameworks */ = {isa = PBXBuildFile; productRef = B87F6733279626A400A30366 /* FirebaseMessaging */; };
		B886D13427B3CF5E00862A2E /* String+Extension.swift in Sources */ = {isa = PBXBuildFile; fileRef = B886D13327B3CF5E00862A2E /* String+Extension.swift */; };
		B886D13627B44E5400862A2E /* SesacAnnotation.swift in Sources */ = {isa = PBXBuildFile; fileRef = B886D13527B44E5400862A2E /* SesacAnnotation.swift */; };
		B8A54DCB27A16FFE005DB56F /* TabBarController.swift in Sources */ = {isa = PBXBuildFile; fileRef = B8A54DCA27A16FFE005DB56F /* TabBarController.swift */; };
		B8A54DCD27A171A8005DB56F /* MapViewController.swift in Sources */ = {isa = PBXBuildFile; fileRef = B8A54DCC27A171A8005DB56F /* MapViewController.swift */; };
		B8A54DDB27A17F69005DB56F /* MainShopViewController.swift in Sources */ = {isa = PBXBuildFile; fileRef = B8A54DDA27A17F69005DB56F /* MainShopViewController.swift */; };
		B8A54DDD27A17F8F005DB56F /* MainFriendsViewController.swift in Sources */ = {isa = PBXBuildFile; fileRef = B8A54DDC27A17F8F005DB56F /* MainFriendsViewController.swift */; };
		B8CB92BB279D09E80062EDDE /* SkyFloatingLabelTextField in Frameworks */ = {isa = PBXBuildFile; productRef = B8CB92BA279D09E80062EDDE /* SkyFloatingLabelTextField */; };
		B8CB92BD279D26630062EDDE /* NicknameViewModel.swift in Sources */ = {isa = PBXBuildFile; fileRef = B8CB92BC279D26630062EDDE /* NicknameViewModel.swift */; };
		B8CB92C0279D3FB90062EDDE /* Protocols.swift in Sources */ = {isa = PBXBuildFile; fileRef = B8CB92BF279D3FB90062EDDE /* Protocols.swift */; };
		B8D8048B27B7B32B00C1DF88 /* HobbyCollectionViewCell.swift in Sources */ = {isa = PBXBuildFile; fileRef = B8D8048A27B7B32B00C1DF88 /* HobbyCollectionViewCell.swift */; };
		B8E1FA7827B640070049D80D /* StartRequestViewController.swift in Sources */ = {isa = PBXBuildFile; fileRef = B8E1FA7727B640070049D80D /* StartRequestViewController.swift */; };
		B8E1FA7A27B640120049D80D /* ResultRequestViewController.swift in Sources */ = {isa = PBXBuildFile; fileRef = B8E1FA7927B640120049D80D /* ResultRequestViewController.swift */; };
		B8E1FA7C27B6401A0049D80D /* ChatViewController.swift in Sources */ = {isa = PBXBuildFile; fileRef = B8E1FA7B27B6401A0049D80D /* ChatViewController.swift */; };
		B8E1FA7E27B649270049D80D /* UIViewController+Extension.swift in Sources */ = {isa = PBXBuildFile; fileRef = B8E1FA7D27B649270049D80D /* UIViewController+Extension.swift */; };
		B8E1FA8027B6DED20049D80D /* StartRequestViewModel.swift in Sources */ = {isa = PBXBuildFile; fileRef = B8E1FA7F27B6DED20049D80D /* StartRequestViewModel.swift */; };
		B8E1FA8227B6DED90049D80D /* StartRequestView.swift in Sources */ = {isa = PBXBuildFile; fileRef = B8E1FA8127B6DED90049D80D /* StartRequestView.swift */; };
		B8EDF6682795C84F0007DD67 /* AppDelegate.swift in Sources */ = {isa = PBXBuildFile; fileRef = B8EDF6672795C84F0007DD67 /* AppDelegate.swift */; };
		B8EDF66A2795C84F0007DD67 /* SceneDelegate.swift in Sources */ = {isa = PBXBuildFile; fileRef = B8EDF6692795C84F0007DD67 /* SceneDelegate.swift */; };
		B8EDF6722795C84F0007DD67 /* SeSAC_SLP.xcdatamodeld in Sources */ = {isa = PBXBuildFile; fileRef = B8EDF6702795C84F0007DD67 /* SeSAC_SLP.xcdatamodeld */; };
		B8EDF6742795C84F0007DD67 /* Assets.xcassets in Resources */ = {isa = PBXBuildFile; fileRef = B8EDF6732795C84F0007DD67 /* Assets.xcassets */; };
		B8EDF6772795C84F0007DD67 /* LaunchScreen.storyboard in Resources */ = {isa = PBXBuildFile; fileRef = B8EDF6752795C84F0007DD67 /* LaunchScreen.storyboard */; };
		B8F36F692798E2070088628B /* AuthViewController.swift in Sources */ = {isa = PBXBuildFile; fileRef = B8F36F682798E2070088628B /* AuthViewController.swift */; };
		B8F36F6B27990B5A0088628B /* NicknameViewController.swift in Sources */ = {isa = PBXBuildFile; fileRef = B8F36F6A27990B5A0088628B /* NicknameViewController.swift */; };
		B8F36F6D27990B9F0088628B /* BirthViewController.swift in Sources */ = {isa = PBXBuildFile; fileRef = B8F36F6C27990B9F0088628B /* BirthViewController.swift */; };
		B8F36F6F27990BCB0088628B /* EmailViewController.swift in Sources */ = {isa = PBXBuildFile; fileRef = B8F36F6E27990BCB0088628B /* EmailViewController.swift */; };
		B8F36F7127990CDF0088628B /* GenderViewController.swift in Sources */ = {isa = PBXBuildFile; fileRef = B8F36F7027990CDF0088628B /* GenderViewController.swift */; };
		B8FEABB52797DDA200441440 /* CustomUIButton.swift in Sources */ = {isa = PBXBuildFile; fileRef = B8FEABB42797DDA200441440 /* CustomUIButton.swift */; };
		B8FEABB9279809F200441440 /* PhoneNumViewController.swift in Sources */ = {isa = PBXBuildFile; fileRef = B8FEABB8279809F200441440 /* PhoneNumViewController.swift */; };
		B8FEABBB27980AF300441440 /* UIBarButton+Extension.swift in Sources */ = {isa = PBXBuildFile; fileRef = B8FEABBA27980AF300441440 /* UIBarButton+Extension.swift */; };
		B8FEABBD27980C9B00441440 /* UINavigationBar+Extension.swift in Sources */ = {isa = PBXBuildFile; fileRef = B8FEABBC27980C9A00441440 /* UINavigationBar+Extension.swift */; };
		B8FEABC02798362100441440 /* RxGesture in Frameworks */ = {isa = PBXBuildFile; productRef = B8FEABBF2798362100441440 /* RxGesture */; };
		B8FEABC22798454400441440 /* UITextField+Extension.swift in Sources */ = {isa = PBXBuildFile; fileRef = B8FEABC12798454400441440 /* UITextField+Extension.swift */; };
		B8FEABC42798467400441440 /* SignupCustomInputView.swift in Sources */ = {isa = PBXBuildFile; fileRef = B8FEABC32798467400441440 /* SignupCustomInputView.swift */; };
/* End PBXBuildFile section */

/* Begin PBXFileReference section */
		B802DF8B279FC5E80034D12D /* HTTPStatusCode.swift */ = {isa = PBXFileReference; lastKnownFileType = sourcecode.swift; path = HTTPStatusCode.swift; sourceTree = "<group>"; };
		B802DF91279FD78B0034D12D /* User.swift */ = {isa = PBXFileReference; lastKnownFileType = sourcecode.swift; path = User.swift; sourceTree = "<group>"; };
		B80A0C27279696F8004E1BB3 /* MessageViewController.swift */ = {isa = PBXFileReference; lastKnownFileType = sourcecode.swift; path = MessageViewController.swift; sourceTree = "<group>"; };
		B80A0C362796C4DE004E1BB3 /* UIColor+Extension.swift */ = {isa = PBXFileReference; lastKnownFileType = sourcecode.swift; path = "UIColor+Extension.swift"; sourceTree = "<group>"; };
		B80A0C3A2796C61E004E1BB3 /* UIFont+Extension.swift */ = {isa = PBXFileReference; lastKnownFileType = sourcecode.swift; path = "UIFont+Extension.swift"; sourceTree = "<group>"; };
		B80A0C3C2796CC22004E1BB3 /* UILabel+Extension.swift */ = {isa = PBXFileReference; lastKnownFileType = sourcecode.swift; path = "UILabel+Extension.swift"; sourceTree = "<group>"; };
		B80A0C3E2796D283004E1BB3 /* CustomUILabel.swift */ = {isa = PBXFileReference; lastKnownFileType = sourcecode.swift; path = CustomUILabel.swift; sourceTree = "<group>"; };
		B80A0C402796D9D3004E1BB3 /* CustomLabelTest.storyboard */ = {isa = PBXFileReference; lastKnownFileType = file.storyboard; path = CustomLabelTest.storyboard; sourceTree = "<group>"; };
		B80A0C422796E904004E1BB3 /* NotoSansKR-Regular.otf */ = {isa = PBXFileReference; lastKnownFileType = file; path = "NotoSansKR-Regular.otf"; sourceTree = "<group>"; };
		B80A0C432796E905004E1BB3 /* NotoSansKR-Medium.otf */ = {isa = PBXFileReference; lastKnownFileType = file; path = "NotoSansKR-Medium.otf"; sourceTree = "<group>"; };
		B80A0C4D27970808004E1BB3 /* APIService.swift */ = {isa = PBXFileReference; lastKnownFileType = sourcecode.swift; path = APIService.swift; sourceTree = "<group>"; };
		B80A0C4F2797080F004E1BB3 /* APITarget.swift */ = {isa = PBXFileReference; lastKnownFileType = sourcecode.swift; path = APITarget.swift; sourceTree = "<group>"; };
		B80A0C51279719EA004E1BB3 /* SignupView.swift */ = {isa = PBXFileReference; lastKnownFileType = sourcecode.swift; path = SignupView.swift; sourceTree = "<group>"; };
		B80A0C5327971C14004E1BB3 /* UnderlineTextField+Extension.swift */ = {isa = PBXFileReference; lastKnownFileType = sourcecode.swift; path = "UnderlineTextField+Extension.swift"; sourceTree = "<group>"; };
		B80A0C5527971C1C004E1BB3 /* UIButton+Extension.swift */ = {isa = PBXFileReference; lastKnownFileType = sourcecode.swift; path = "UIButton+Extension.swift"; sourceTree = "<group>"; };
		B80A0C5727971CC0004E1BB3 /* UIView+Extension.swift */ = {isa = PBXFileReference; lastKnownFileType = sourcecode.swift; path = "UIView+Extension.swift"; sourceTree = "<group>"; };
		B80A0C59279720C2004E1BB3 /* CustomTextField.swift */ = {isa = PBXFileReference; lastKnownFileType = sourcecode.swift; path = CustomTextField.swift; sourceTree = "<group>"; };
		B80F4E9B27C0E14000D02121 /* QueueHTTPViewModel.swift */ = {isa = PBXFileReference; lastKnownFileType = sourcecode.swift; path = QueueHTTPViewModel.swift; sourceTree = "<group>"; };
		B816DB1227B2D23B00BC16E3 /* MainCase.swift */ = {isa = PBXFileReference; lastKnownFileType = sourcecode.swift; path = MainCase.swift; sourceTree = "<group>"; };
		B816DB1427B2F1DF00BC16E3 /* OnQueueHTTPViewModel.swift */ = {isa = PBXFileReference; lastKnownFileType = sourcecode.swift; path = OnQueueHTTPViewModel.swift; sourceTree = "<group>"; };
		B816DB1627B2F4CE00BC16E3 /* AroundUser.swift */ = {isa = PBXFileReference; lastKnownFileType = sourcecode.swift; path = AroundUser.swift; sourceTree = "<group>"; };
		B816DB1A27B327F500BC16E3 /* Int+Extension.swift */ = {isa = PBXFileReference; lastKnownFileType = sourcecode.swift; path = "Int+Extension.swift"; sourceTree = "<group>"; };
		B82037C927AA5AFF00B3BC4A /* UINavigationController+Extension.swift */ = {isa = PBXFileReference; lastKnownFileType = sourcecode.swift; path = "UINavigationController+Extension.swift"; sourceTree = "<group>"; };
		B82037CD27AA980B00B3BC4A /* CustomTabBar.swift */ = {isa = PBXFileReference; lastKnownFileType = sourcecode.swift; path = CustomTabBar.swift; sourceTree = "<group>"; };
		B82037CF27AA9B0900B3BC4A /* MyProfileView.swift */ = {isa = PBXFileReference; lastKnownFileType = sourcecode.swift; path = MyProfileView.swift; sourceTree = "<group>"; };
		B82037D127AA9B1600B3BC4A /* MyProfileViewModel.swift */ = {isa = PBXFileReference; lastKnownFileType = sourcecode.swift; path = MyProfileViewModel.swift; sourceTree = "<group>"; };
		B82988F627C4EF0D001C54CF /* CustomUIView.swift */ = {isa = PBXFileReference; lastKnownFileType = sourcecode.swift; path = CustomUIView.swift; sourceTree = "<group>"; };
		B837C7F727C21B8500B61260 /* ResultRequestViewModel.swift */ = {isa = PBXFileReference; lastKnownFileType = sourcecode.swift; path = ResultRequestViewModel.swift; sourceTree = "<group>"; };
		B837C7F927C21B9500B61260 /* ResultRequestView.swift */ = {isa = PBXFileReference; lastKnownFileType = sourcecode.swift; path = ResultRequestView.swift; sourceTree = "<group>"; };
		B837C7FE27C2785900B61260 /* ResultNearSesacViewController.swift */ = {isa = PBXFileReference; lastKnownFileType = sourcecode.swift; path = ResultNearSesacViewController.swift; sourceTree = "<group>"; };
		B837C80027C2788600B61260 /* ResultReceivedSesacViewController.swift */ = {isa = PBXFileReference; lastKnownFileType = sourcecode.swift; path = ResultReceivedSesacViewController.swift; sourceTree = "<group>"; };
		B837C80227C29D9600B61260 /* ResultSesacView.swift */ = {isa = PBXFileReference; lastKnownFileType = sourcecode.swift; path = ResultSesacView.swift; sourceTree = "<group>"; };
		B837C80427C2C08F00B61260 /* ResultSesacViewModel.swift */ = {isa = PBXFileReference; lastKnownFileType = sourcecode.swift; path = ResultSesacViewModel.swift; sourceTree = "<group>"; };
		B837C80627C2C09B00B61260 /* ResultHttpViewModel.swift */ = {isa = PBXFileReference; lastKnownFileType = sourcecode.swift; path = ResultHttpViewModel.swift; sourceTree = "<group>"; };
		B8391B9327BACBF500330B9C /* LeftAlignedCollectionView.swift */ = {isa = PBXFileReference; lastKnownFileType = sourcecode.swift; path = LeftAlignedCollectionView.swift; sourceTree = "<group>"; };
		B843159727B8F58D00A6050A /* LabelUnderImgButton.swift */ = {isa = PBXFileReference; lastKnownFileType = sourcecode.swift; path = LabelUnderImgButton.swift; sourceTree = "<group>"; };
		B843159927B8F5BD00A6050A /* HobbyButton.swift */ = {isa = PBXFileReference; lastKnownFileType = sourcecode.swift; path = HobbyButton.swift; sourceTree = "<group>"; };
		B843159B27B9892C00A6050A /* DynamicHeightCollectionView.swift */ = {isa = PBXFileReference; lastKnownFileType = sourcecode.swift; path = DynamicHeightCollectionView.swift; sourceTree = "<group>"; };
		B8452E7C27A3C51A00C9BC06 /* MyInfoView.swift */ = {isa = PBXFileReference; lastKnownFileType = sourcecode.swift; path = MyInfoView.swift; sourceTree = "<group>"; };
		B8452E7E27A3C53400C9BC06 /* MyInfoViewController.swift */ = {isa = PBXFileReference; lastKnownFileType = sourcecode.swift; path = MyInfoViewController.swift; sourceTree = "<group>"; };
		B8452E8027A3C55500C9BC06 /* MyInfoViewModel.swift */ = {isa = PBXFileReference; lastKnownFileType = sourcecode.swift; path = MyInfoViewModel.swift; sourceTree = "<group>"; };
		B8452E8327A3C96B00C9BC06 /* MyInfoCell.swift */ = {isa = PBXFileReference; lastKnownFileType = sourcecode.swift; path = MyInfoCell.swift; sourceTree = "<group>"; };
		B8452E8527A3C97500C9BC06 /* MyProfileCell.swift */ = {isa = PBXFileReference; lastKnownFileType = sourcecode.swift; path = MyProfileCell.swift; sourceTree = "<group>"; };
		B8452E8727A41ABC00C9BC06 /* MyInfo.swift */ = {isa = PBXFileReference; lastKnownFileType = sourcecode.swift; path = MyInfo.swift; sourceTree = "<group>"; };
		B8452E8C27A44FA300C9BC06 /* MyProfileViewController.swift */ = {isa = PBXFileReference; lastKnownFileType = sourcecode.swift; path = MyProfileViewController.swift; sourceTree = "<group>"; };
		B84EBD8627B139A80000A137 /* MapViewModel.swift */ = {isa = PBXFileReference; lastKnownFileType = sourcecode.swift; path = MapViewModel.swift; sourceTree = "<group>"; };
		B84EBD8827B139AE0000A137 /* MapView.swift */ = {isa = PBXFileReference; lastKnownFileType = sourcecode.swift; path = MapView.swift; sourceTree = "<group>"; };
		B84F2A0427968BC900D2169C /* GoogleService-Info.plist */ = {isa = PBXFileReference; fileEncoding = 4; lastKnownFileType = text.plist.xml; path = "GoogleService-Info.plist"; sourceTree = "<group>"; };
		B84F2A0627968BF000D2169C /* SeSAC_SLP.entitlements */ = {isa = PBXFileReference; lastKnownFileType = text.plist.entitlements; path = SeSAC_SLP.entitlements; sourceTree = "<group>"; };
		B8519AD6279A7A4C0054D7B8 /* OnboardingViewController.swift */ = {isa = PBXFileReference; lastKnownFileType = sourcecode.swift; path = OnboardingViewController.swift; sourceTree = "<group>"; };
		B8519AFA279A9B9A0054D7B8 /* OnboardingCell.swift */ = {isa = PBXFileReference; lastKnownFileType = sourcecode.swift; path = OnboardingCell.swift; sourceTree = "<group>"; };
		B8519AFF279AE3520054D7B8 /* PhoneNumViewModel.swift */ = {isa = PBXFileReference; lastKnownFileType = sourcecode.swift; path = PhoneNumViewModel.swift; sourceTree = "<group>"; };
		B8519B01279AE35C0054D7B8 /* AuthViewModel.swift */ = {isa = PBXFileReference; lastKnownFileType = sourcecode.swift; path = AuthViewModel.swift; sourceTree = "<group>"; };
		B85ACB6B27AD23CE00F7D8AD /* CustomCardView.swift */ = {isa = PBXFileReference; lastKnownFileType = sourcecode.swift; path = CustomCardView.swift; sourceTree = "<group>"; };
		B8747A89279E49CD00FF90AD /* BirthViewModel.swift */ = {isa = PBXFileReference; lastKnownFileType = sourcecode.swift; path = BirthViewModel.swift; sourceTree = "<group>"; };
		B8747A8B279E4A6E00FF90AD /* EmailViewModel.swift */ = {isa = PBXFileReference; lastKnownFileType = sourcecode.swift; path = EmailViewModel.swift; sourceTree = "<group>"; };
		B8747A8D279E4A9F00FF90AD /* GenderViewModel.swift */ = {isa = PBXFileReference; lastKnownFileType = sourcecode.swift; path = GenderViewModel.swift; sourceTree = "<group>"; };
		B8747A95279E511600FF90AD /* UserDefault+Extension.swift */ = {isa = PBXFileReference; lastKnownFileType = sourcecode.swift; path = "UserDefault+Extension.swift"; sourceTree = "<group>"; };
		B8747A99279EAA4300FF90AD /* Date+Extension.swift */ = {isa = PBXFileReference; lastKnownFileType = sourcecode.swift; path = "Date+Extension.swift"; sourceTree = "<group>"; };
		B87757F2279C7C730009E2D2 /* NetworkResult.swift */ = {isa = PBXFileReference; lastKnownFileType = sourcecode.swift; path = NetworkResult.swift; sourceTree = "<group>"; };
		B87D42D527A76037002D528D /* SignupHTTPViewModel.swift */ = {isa = PBXFileReference; lastKnownFileType = sourcecode.swift; path = SignupHTTPViewModel.swift; sourceTree = "<group>"; };
		B87D42D827A76C80002D528D /* CommonUtility.swift */ = {isa = PBXFileReference; lastKnownFileType = sourcecode.swift; path = CommonUtility.swift; sourceTree = "<group>"; };
		B87D42DA27A76E92002D528D /* SignupCase.swift */ = {isa = PBXFileReference; lastKnownFileType = sourcecode.swift; path = SignupCase.swift; sourceTree = "<group>"; };
		B886D13327B3CF5E00862A2E /* String+Extension.swift */ = {isa = PBXFileReference; lastKnownFileType = sourcecode.swift; path = "String+Extension.swift"; sourceTree = "<group>"; };
		B886D13527B44E5400862A2E /* SesacAnnotation.swift */ = {isa = PBXFileReference; lastKnownFileType = sourcecode.swift; path = SesacAnnotation.swift; sourceTree = "<group>"; };
		B8A54DCA27A16FFE005DB56F /* TabBarController.swift */ = {isa = PBXFileReference; lastKnownFileType = sourcecode.swift; path = TabBarController.swift; sourceTree = "<group>"; };
		B8A54DCC27A171A8005DB56F /* MapViewController.swift */ = {isa = PBXFileReference; lastKnownFileType = sourcecode.swift; path = MapViewController.swift; sourceTree = "<group>"; };
		B8A54DDA27A17F69005DB56F /* MainShopViewController.swift */ = {isa = PBXFileReference; lastKnownFileType = sourcecode.swift; path = MainShopViewController.swift; sourceTree = "<group>"; };
		B8A54DDC27A17F8F005DB56F /* MainFriendsViewController.swift */ = {isa = PBXFileReference; lastKnownFileType = sourcecode.swift; path = MainFriendsViewController.swift; sourceTree = "<group>"; };
		B8CB92BC279D26630062EDDE /* NicknameViewModel.swift */ = {isa = PBXFileReference; lastKnownFileType = sourcecode.swift; path = NicknameViewModel.swift; sourceTree = "<group>"; };
		B8CB92BF279D3FB90062EDDE /* Protocols.swift */ = {isa = PBXFileReference; lastKnownFileType = sourcecode.swift; path = Protocols.swift; sourceTree = "<group>"; };
		B8D8048A27B7B32B00C1DF88 /* HobbyCollectionViewCell.swift */ = {isa = PBXFileReference; lastKnownFileType = sourcecode.swift; path = HobbyCollectionViewCell.swift; sourceTree = "<group>"; };
		B8E1FA7727B640070049D80D /* StartRequestViewController.swift */ = {isa = PBXFileReference; lastKnownFileType = sourcecode.swift; path = StartRequestViewController.swift; sourceTree = "<group>"; };
		B8E1FA7927B640120049D80D /* ResultRequestViewController.swift */ = {isa = PBXFileReference; lastKnownFileType = sourcecode.swift; path = ResultRequestViewController.swift; sourceTree = "<group>"; };
		B8E1FA7B27B6401A0049D80D /* ChatViewController.swift */ = {isa = PBXFileReference; lastKnownFileType = sourcecode.swift; path = ChatViewController.swift; sourceTree = "<group>"; };
		B8E1FA7D27B649270049D80D /* UIViewController+Extension.swift */ = {isa = PBXFileReference; lastKnownFileType = sourcecode.swift; path = "UIViewController+Extension.swift"; sourceTree = "<group>"; };
		B8E1FA7F27B6DED20049D80D /* StartRequestViewModel.swift */ = {isa = PBXFileReference; lastKnownFileType = sourcecode.swift; path = StartRequestViewModel.swift; sourceTree = "<group>"; };
		B8E1FA8127B6DED90049D80D /* StartRequestView.swift */ = {isa = PBXFileReference; lastKnownFileType = sourcecode.swift; path = StartRequestView.swift; sourceTree = "<group>"; };
		B8EDF6642795C84F0007DD67 /* SeSAC_SLP.app */ = {isa = PBXFileReference; explicitFileType = wrapper.application; includeInIndex = 0; path = SeSAC_SLP.app; sourceTree = BUILT_PRODUCTS_DIR; };
		B8EDF6672795C84F0007DD67 /* AppDelegate.swift */ = {isa = PBXFileReference; lastKnownFileType = sourcecode.swift; path = AppDelegate.swift; sourceTree = "<group>"; };
		B8EDF6692795C84F0007DD67 /* SceneDelegate.swift */ = {isa = PBXFileReference; lastKnownFileType = sourcecode.swift; path = SceneDelegate.swift; sourceTree = "<group>"; };
		B8EDF6712795C84F0007DD67 /* SeSAC_SLP.xcdatamodel */ = {isa = PBXFileReference; lastKnownFileType = wrapper.xcdatamodel; path = SeSAC_SLP.xcdatamodel; sourceTree = "<group>"; };
		B8EDF6732795C84F0007DD67 /* Assets.xcassets */ = {isa = PBXFileReference; lastKnownFileType = folder.assetcatalog; path = Assets.xcassets; sourceTree = "<group>"; };
		B8EDF6762795C84F0007DD67 /* Base */ = {isa = PBXFileReference; lastKnownFileType = file.storyboard; name = Base; path = Base.lproj/LaunchScreen.storyboard; sourceTree = "<group>"; };
		B8EDF6782795C84F0007DD67 /* Info.plist */ = {isa = PBXFileReference; lastKnownFileType = text.plist.xml; path = Info.plist; sourceTree = "<group>"; };
		B8F36F682798E2070088628B /* AuthViewController.swift */ = {isa = PBXFileReference; lastKnownFileType = sourcecode.swift; path = AuthViewController.swift; sourceTree = "<group>"; };
		B8F36F6A27990B5A0088628B /* NicknameViewController.swift */ = {isa = PBXFileReference; lastKnownFileType = sourcecode.swift; path = NicknameViewController.swift; sourceTree = "<group>"; };
		B8F36F6C27990B9F0088628B /* BirthViewController.swift */ = {isa = PBXFileReference; lastKnownFileType = sourcecode.swift; path = BirthViewController.swift; sourceTree = "<group>"; };
		B8F36F6E27990BCB0088628B /* EmailViewController.swift */ = {isa = PBXFileReference; lastKnownFileType = sourcecode.swift; path = EmailViewController.swift; sourceTree = "<group>"; };
		B8F36F7027990CDF0088628B /* GenderViewController.swift */ = {isa = PBXFileReference; lastKnownFileType = sourcecode.swift; path = GenderViewController.swift; sourceTree = "<group>"; };
		B8FEABB42797DDA200441440 /* CustomUIButton.swift */ = {isa = PBXFileReference; lastKnownFileType = sourcecode.swift; path = CustomUIButton.swift; sourceTree = "<group>"; };
		B8FEABB8279809F200441440 /* PhoneNumViewController.swift */ = {isa = PBXFileReference; lastKnownFileType = sourcecode.swift; path = PhoneNumViewController.swift; sourceTree = "<group>"; };
		B8FEABBA27980AF300441440 /* UIBarButton+Extension.swift */ = {isa = PBXFileReference; lastKnownFileType = sourcecode.swift; path = "UIBarButton+Extension.swift"; sourceTree = "<group>"; };
		B8FEABBC27980C9A00441440 /* UINavigationBar+Extension.swift */ = {isa = PBXFileReference; lastKnownFileType = sourcecode.swift; path = "UINavigationBar+Extension.swift"; sourceTree = "<group>"; };
		B8FEABC12798454400441440 /* UITextField+Extension.swift */ = {isa = PBXFileReference; lastKnownFileType = sourcecode.swift; path = "UITextField+Extension.swift"; sourceTree = "<group>"; };
		B8FEABC32798467400441440 /* SignupCustomInputView.swift */ = {isa = PBXFileReference; lastKnownFileType = sourcecode.swift; path = SignupCustomInputView.swift; sourceTree = "<group>"; };
/* End PBXFileReference section */

/* Begin PBXFrameworksBuildPhase section */
		B8EDF6612795C84F0007DD67 /* Frameworks */ = {
			isa = PBXFrameworksBuildPhase;
			buildActionMask = 2147483647;
			files = (
				B8519B0B279B2E730054D7B8 /* Toast in Frameworks */,
				B80A0C2B279699BF004E1BB3 /* RxCocoa in Frameworks */,
				B87F6734279626A400A30366 /* FirebaseMessaging in Frameworks */,
				B8CB92BB279D09E80062EDDE /* SkyFloatingLabelTextField in Frameworks */,
				B8FEABC02798362100441440 /* RxGesture in Frameworks */,
				B837C7FD27C250C400B61260 /* Tabman in Frameworks */,
				B80A0C4A279707C3004E1BB3 /* Moya in Frameworks */,
				B87F6732279626A400A30366 /* FirebaseCrashlytics in Frameworks */,
				B87F672E279626A400A30366 /* FirebaseAnalytics in Frameworks */,
				B87F6730279626A400A30366 /* FirebaseAuth in Frameworks */,
				B8519AFE279ADCA60054D7B8 /* AnyFormatKit in Frameworks */,
				B80A0C4C279707C3004E1BB3 /* RxMoya in Frameworks */,
				B8452E8B27A43EB400C9BC06 /* RxDataSources in Frameworks */,
				B80A0C262796939E004E1BB3 /* SnapKit in Frameworks */,
				B80A0C2D279699BF004E1BB3 /* RxSwift in Frameworks */,
			);
			runOnlyForDeploymentPostprocessing = 0;
		};
/* End PBXFrameworksBuildPhase section */

/* Begin PBXGroup section */
		B802DF8F279FD73E0034D12D /* Global */ = {
			isa = PBXGroup;
			children = (
				B87D42D727A76C6A002D528D /* Utility */,
				B802DF90279FD77E0034D12D /* Model */,
				B80A0C342796C202004E1BB3 /* Extension */,
				B8CB92BE279D3F8B0062EDDE /* Protocols */,
				B8FEABB62797DEB100441440 /* Custom */,
				B80A0C352796C210004E1BB3 /* Network */,
				B80A0C2F2796C1BD004E1BB3 /* Asset */,
				B80A0C2E2796C1B3004E1BB3 /* Default */,
				B80A0C462796ED2F004E1BB3 /* Test */,
			);
			path = Global;
			sourceTree = "<group>";
		};
		B802DF90279FD77E0034D12D /* Model */ = {
			isa = PBXGroup;
			children = (
				B802DF91279FD78B0034D12D /* User.swift */,
				B816DB1627B2F4CE00BC16E3 /* AroundUser.swift */,
			);
			path = Model;
			sourceTree = "<group>";
		};
		B80A0C2E2796C1B3004E1BB3 /* Default */ = {
			isa = PBXGroup;
			children = (
				B8EDF6672795C84F0007DD67 /* AppDelegate.swift */,
				B8EDF6692795C84F0007DD67 /* SceneDelegate.swift */,
				B8EDF6752795C84F0007DD67 /* LaunchScreen.storyboard */,
			);
			path = Default;
			sourceTree = "<group>";
		};
		B80A0C2F2796C1BD004E1BB3 /* Asset */ = {
			isa = PBXGroup;
			children = (
				B8EDF6732795C84F0007DD67 /* Assets.xcassets */,
				B80A0C302796C1C6004E1BB3 /* Font */,
			);
			path = Asset;
			sourceTree = "<group>";
		};
		B80A0C302796C1C6004E1BB3 /* Font */ = {
			isa = PBXGroup;
			children = (
				B80A0C432796E905004E1BB3 /* NotoSansKR-Medium.otf */,
				B80A0C422796E904004E1BB3 /* NotoSansKR-Regular.otf */,
			);
			path = Font;
			sourceTree = "<group>";
		};
		B80A0C312796C1F1004E1BB3 /* View */ = {
			isa = PBXGroup;
			children = (
				B8452E8227A3C87200C9BC06 /* Cell */,
				B8452E7C27A3C51A00C9BC06 /* MyInfoView.swift */,
				B82037CF27AA9B0900B3BC4A /* MyProfileView.swift */,
			);
			path = View;
			sourceTree = "<group>";
		};
		B80A0C322796C1F7004E1BB3 /* ViewModel */ = {
			isa = PBXGroup;
			children = (
				B8452E8027A3C55500C9BC06 /* MyInfoViewModel.swift */,
				B82037D127AA9B1600B3BC4A /* MyProfileViewModel.swift */,
			);
			path = ViewModel;
			sourceTree = "<group>";
		};
		B80A0C332796C1FC004E1BB3 /* Model */ = {
			isa = PBXGroup;
			children = (
				B8452E8727A41ABC00C9BC06 /* MyInfo.swift */,
			);
			path = Model;
			sourceTree = "<group>";
		};
		B80A0C342796C202004E1BB3 /* Extension */ = {
			isa = PBXGroup;
			children = (
				B80A0C362796C4DE004E1BB3 /* UIColor+Extension.swift */,
				B80A0C3A2796C61E004E1BB3 /* UIFont+Extension.swift */,
				B80A0C3C2796CC22004E1BB3 /* UILabel+Extension.swift */,
				B80A0C5327971C14004E1BB3 /* UnderlineTextField+Extension.swift */,
				B80A0C5527971C1C004E1BB3 /* UIButton+Extension.swift */,
				B80A0C5727971CC0004E1BB3 /* UIView+Extension.swift */,
				B8FEABBA27980AF300441440 /* UIBarButton+Extension.swift */,
				B8FEABBC27980C9A00441440 /* UINavigationBar+Extension.swift */,
				B8FEABC12798454400441440 /* UITextField+Extension.swift */,
				B8747A95279E511600FF90AD /* UserDefault+Extension.swift */,
				B8747A99279EAA4300FF90AD /* Date+Extension.swift */,
				B82037C927AA5AFF00B3BC4A /* UINavigationController+Extension.swift */,
				B816DB1A27B327F500BC16E3 /* Int+Extension.swift */,
				B886D13327B3CF5E00862A2E /* String+Extension.swift */,
				B8E1FA7D27B649270049D80D /* UIViewController+Extension.swift */,
			);
			path = Extension;
			sourceTree = "<group>";
		};
		B80A0C352796C210004E1BB3 /* Network */ = {
			isa = PBXGroup;
			children = (
				B80A0C4D27970808004E1BB3 /* APIService.swift */,
				B80A0C4F2797080F004E1BB3 /* APITarget.swift */,
				B87757F2279C7C730009E2D2 /* NetworkResult.swift */,
				B802DF8B279FC5E80034D12D /* HTTPStatusCode.swift */,
			);
			path = Network;
			sourceTree = "<group>";
		};
		B80A0C462796ED2F004E1BB3 /* Test */ = {
			isa = PBXGroup;
			children = (
				B80A0C402796D9D3004E1BB3 /* CustomLabelTest.storyboard */,
				B80A0C27279696F8004E1BB3 /* MessageViewController.swift */,
			);
			path = Test;
			sourceTree = "<group>";
		};
		B8452E8227A3C87200C9BC06 /* Cell */ = {
			isa = PBXGroup;
			children = (
				B8452E8327A3C96B00C9BC06 /* MyInfoCell.swift */,
				B8452E8527A3C97500C9BC06 /* MyProfileCell.swift */,
			);
			path = Cell;
			sourceTree = "<group>";
		};
		B8519AD5279A79E90054D7B8 /* Onboard */ = {
			isa = PBXGroup;
			children = (
				B8519AD6279A7A4C0054D7B8 /* OnboardingViewController.swift */,
				B8519AFA279A9B9A0054D7B8 /* OnboardingCell.swift */,
			);
			path = Onboard;
			sourceTree = "<group>";
		};
		B8747A8F279E4F8F00FF90AD /* Main */ = {
			isa = PBXGroup;
			children = (
				B8747A90279E4F9B00FF90AD /* MVVM */,
			);
			path = Main;
			sourceTree = "<group>";
		};
		B8747A90279E4F9B00FF90AD /* MVVM */ = {
			isa = PBXGroup;
			children = (
				B8747A91279E4FA000FF90AD /* ViewController */,
				B8747A92279E4FA800FF90AD /* ViewModel */,
				B8747A93279E4FAD00FF90AD /* View */,
				B8747A94279E4FD900FF90AD /* Model */,
			);
			path = MVVM;
			sourceTree = "<group>";
		};
		B8747A91279E4FA000FF90AD /* ViewController */ = {
			isa = PBXGroup;
			children = (
				B8A54DCC27A171A8005DB56F /* MapViewController.swift */,
				B8E1FA7727B640070049D80D /* StartRequestViewController.swift */,
				B8E1FA7927B640120049D80D /* ResultRequestViewController.swift */,
				B837C7FE27C2785900B61260 /* ResultNearSesacViewController.swift */,
				B837C80027C2788600B61260 /* ResultReceivedSesacViewController.swift */,
				B8E1FA7B27B6401A0049D80D /* ChatViewController.swift */,
			);
			path = ViewController;
			sourceTree = "<group>";
		};
		B8747A92279E4FA800FF90AD /* ViewModel */ = {
			isa = PBXGroup;
			children = (
				B84EBD8627B139A80000A137 /* MapViewModel.swift */,
				B816DB1427B2F1DF00BC16E3 /* OnQueueHTTPViewModel.swift */,
				B8E1FA7F27B6DED20049D80D /* StartRequestViewModel.swift */,
				B80F4E9B27C0E14000D02121 /* QueueHTTPViewModel.swift */,
				B837C7F727C21B8500B61260 /* ResultRequestViewModel.swift */,
				B837C80427C2C08F00B61260 /* ResultSesacViewModel.swift */,
				B837C80627C2C09B00B61260 /* ResultHttpViewModel.swift */,
			);
			path = ViewModel;
			sourceTree = "<group>";
		};
		B8747A93279E4FAD00FF90AD /* View */ = {
			isa = PBXGroup;
			children = (
				B8D8048927B7B30E00C1DF88 /* Cell */,
				B8A54DCA27A16FFE005DB56F /* TabBarController.swift */,
				B84EBD8827B139AE0000A137 /* MapView.swift */,
				B886D13527B44E5400862A2E /* SesacAnnotation.swift */,
				B8E1FA8127B6DED90049D80D /* StartRequestView.swift */,
				B837C7F927C21B9500B61260 /* ResultRequestView.swift */,
				B837C80227C29D9600B61260 /* ResultSesacView.swift */,
			);
			path = View;
			sourceTree = "<group>";
		};
		B8747A94279E4FD900FF90AD /* Model */ = {
			isa = PBXGroup;
			children = (
				B816DB1227B2D23B00BC16E3 /* MainCase.swift */,
			);
			path = Model;
			sourceTree = "<group>";
		};
		B87D42D727A76C6A002D528D /* Utility */ = {
			isa = PBXGroup;
			children = (
				B87D42D827A76C80002D528D /* CommonUtility.swift */,
			);
			path = Utility;
			sourceTree = "<group>";
		};
		B8A54DCE27A17ED4005DB56F /* Shop */ = {
			isa = PBXGroup;
			children = (
				B8A54DCF27A17EE8005DB56F /* MVVM */,
			);
			path = Shop;
			sourceTree = "<group>";
		};
		B8A54DCF27A17EE8005DB56F /* MVVM */ = {
			isa = PBXGroup;
			children = (
				B8A54DD027A17EED005DB56F /* ViewController */,
				B8A54DD127A17EF3005DB56F /* ViewModel */,
				B8A54DD227A17EFB005DB56F /* View */,
				B8A54DD327A17EFF005DB56F /* Model */,
			);
			path = MVVM;
			sourceTree = "<group>";
		};
		B8A54DD027A17EED005DB56F /* ViewController */ = {
			isa = PBXGroup;
			children = (
				B8A54DDA27A17F69005DB56F /* MainShopViewController.swift */,
			);
			path = ViewController;
			sourceTree = "<group>";
		};
		B8A54DD127A17EF3005DB56F /* ViewModel */ = {
			isa = PBXGroup;
			children = (
			);
			path = ViewModel;
			sourceTree = "<group>";
		};
		B8A54DD227A17EFB005DB56F /* View */ = {
			isa = PBXGroup;
			children = (
			);
			path = View;
			sourceTree = "<group>";
		};
		B8A54DD327A17EFF005DB56F /* Model */ = {
			isa = PBXGroup;
			children = (
			);
			path = Model;
			sourceTree = "<group>";
		};
		B8A54DD427A17F11005DB56F /* Friends */ = {
			isa = PBXGroup;
			children = (
				B8A54DD527A17F3B005DB56F /* MVVM */,
			);
			path = Friends;
			sourceTree = "<group>";
		};
		B8A54DD527A17F3B005DB56F /* MVVM */ = {
			isa = PBXGroup;
			children = (
				B8A54DD927A17F4C005DB56F /* ViewController */,
				B8A54DD827A17F47005DB56F /* ViewModel */,
				B8A54DD727A17F43005DB56F /* View */,
				B8A54DD627A17F3F005DB56F /* Model */,
			);
			path = MVVM;
			sourceTree = "<group>";
		};
		B8A54DD627A17F3F005DB56F /* Model */ = {
			isa = PBXGroup;
			children = (
			);
			path = Model;
			sourceTree = "<group>";
		};
		B8A54DD727A17F43005DB56F /* View */ = {
			isa = PBXGroup;
			children = (
			);
			path = View;
			sourceTree = "<group>";
		};
		B8A54DD827A17F47005DB56F /* ViewModel */ = {
			isa = PBXGroup;
			children = (
			);
			path = ViewModel;
			sourceTree = "<group>";
		};
		B8A54DD927A17F4C005DB56F /* ViewController */ = {
			isa = PBXGroup;
			children = (
				B8A54DDC27A17F8F005DB56F /* MainFriendsViewController.swift */,
			);
			path = ViewController;
			sourceTree = "<group>";
		};
		B8CB92BE279D3F8B0062EDDE /* Protocols */ = {
			isa = PBXGroup;
			children = (
				B8CB92BF279D3FB90062EDDE /* Protocols.swift */,
			);
			path = Protocols;
			sourceTree = "<group>";
		};
		B8D8048927B7B30E00C1DF88 /* Cell */ = {
			isa = PBXGroup;
			children = (
				B8D8048A27B7B32B00C1DF88 /* HobbyCollectionViewCell.swift */,
			);
			path = Cell;
			sourceTree = "<group>";
		};
		B8EDF65B2795C84F0007DD67 = {
			isa = PBXGroup;
			children = (
				B8EDF6662795C84F0007DD67 /* SeSAC_SLP */,
				B8EDF6652795C84F0007DD67 /* Products */,
			);
			sourceTree = "<group>";
		};
		B8EDF6652795C84F0007DD67 /* Products */ = {
			isa = PBXGroup;
			children = (
				B8EDF6642795C84F0007DD67 /* SeSAC_SLP.app */,
			);
			name = Products;
			sourceTree = "<group>";
		};
		B8EDF6662795C84F0007DD67 /* SeSAC_SLP */ = {
			isa = PBXGroup;
			children = (
				B84F2A0627968BF000D2169C /* SeSAC_SLP.entitlements */,
				B8519AD5279A79E90054D7B8 /* Onboard */,
				B8F36F602798E14F0088628B /* Signup */,
				B8747A8F279E4F8F00FF90AD /* Main */,
				B8A54DCE27A17ED4005DB56F /* Shop */,
				B8A54DD427A17F11005DB56F /* Friends */,
				B8F36F662798E1840088628B /* Mypage */,
				B802DF8F279FD73E0034D12D /* Global */,
				B8EDF6782795C84F0007DD67 /* Info.plist */,
				B84F2A0427968BC900D2169C /* GoogleService-Info.plist */,
				B8EDF6702795C84F0007DD67 /* SeSAC_SLP.xcdatamodeld */,
			);
			path = SeSAC_SLP;
			sourceTree = "<group>";
		};
		B8F36F602798E14F0088628B /* Signup */ = {
			isa = PBXGroup;
			children = (
				B8F36F672798E19C0088628B /* CustomView */,
				B8F36F612798E1580088628B /* MVVM */,
			);
			path = Signup;
			sourceTree = "<group>";
		};
		B8F36F612798E1580088628B /* MVVM */ = {
			isa = PBXGroup;
			children = (
				B8F36F652798E16F0088628B /* ViewController */,
				B8F36F642798E16A0088628B /* ViewModel */,
				B8F36F632798E1630088628B /* Model */,
				B8F36F622798E15E0088628B /* View */,
			);
			path = MVVM;
			sourceTree = "<group>";
		};
		B8F36F622798E15E0088628B /* View */ = {
			isa = PBXGroup;
			children = (
				B80A0C51279719EA004E1BB3 /* SignupView.swift */,
			);
			path = View;
			sourceTree = "<group>";
		};
		B8F36F632798E1630088628B /* Model */ = {
			isa = PBXGroup;
			children = (
				B87D42DA27A76E92002D528D /* SignupCase.swift */,
			);
			path = Model;
			sourceTree = "<group>";
		};
		B8F36F642798E16A0088628B /* ViewModel */ = {
			isa = PBXGroup;
			children = (
				B8519AFF279AE3520054D7B8 /* PhoneNumViewModel.swift */,
				B8519B01279AE35C0054D7B8 /* AuthViewModel.swift */,
				B8CB92BC279D26630062EDDE /* NicknameViewModel.swift */,
				B8747A89279E49CD00FF90AD /* BirthViewModel.swift */,
				B8747A8B279E4A6E00FF90AD /* EmailViewModel.swift */,
				B8747A8D279E4A9F00FF90AD /* GenderViewModel.swift */,
				B87D42D527A76037002D528D /* SignupHTTPViewModel.swift */,
			);
			path = ViewModel;
			sourceTree = "<group>";
		};
		B8F36F652798E16F0088628B /* ViewController */ = {
			isa = PBXGroup;
			children = (
				B8FEABB8279809F200441440 /* PhoneNumViewController.swift */,
				B8F36F682798E2070088628B /* AuthViewController.swift */,
				B8F36F6A27990B5A0088628B /* NicknameViewController.swift */,
				B8F36F6C27990B9F0088628B /* BirthViewController.swift */,
				B8F36F6E27990BCB0088628B /* EmailViewController.swift */,
				B8F36F7027990CDF0088628B /* GenderViewController.swift */,
			);
			path = ViewController;
			sourceTree = "<group>";
		};
		B8F36F662798E1840088628B /* Mypage */ = {
			isa = PBXGroup;
			children = (
				B8FEABB327978FAD00441440 /* MVVM */,
			);
			path = Mypage;
			sourceTree = "<group>";
		};
		B8F36F672798E19C0088628B /* CustomView */ = {
			isa = PBXGroup;
			children = (
				B8FEABC32798467400441440 /* SignupCustomInputView.swift */,
			);
			path = CustomView;
			sourceTree = "<group>";
		};
		B8FEABB327978FAD00441440 /* MVVM */ = {
			isa = PBXGroup;
			children = (
				B8FEABB7279809D100441440 /* ViewController */,
				B80A0C322796C1F7004E1BB3 /* ViewModel */,
				B80A0C312796C1F1004E1BB3 /* View */,
				B80A0C332796C1FC004E1BB3 /* Model */,
			);
			path = MVVM;
			sourceTree = "<group>";
		};
		B8FEABB62797DEB100441440 /* Custom */ = {
			isa = PBXGroup;
			children = (
				B80A0C59279720C2004E1BB3 /* CustomTextField.swift */,
				B80A0C3E2796D283004E1BB3 /* CustomUILabel.swift */,
				B8FEABB42797DDA200441440 /* CustomUIButton.swift */,
				B82037CD27AA980B00B3BC4A /* CustomTabBar.swift */,
				B85ACB6B27AD23CE00F7D8AD /* CustomCardView.swift */,
				B843159727B8F58D00A6050A /* LabelUnderImgButton.swift */,
				B843159927B8F5BD00A6050A /* HobbyButton.swift */,
				B843159B27B9892C00A6050A /* DynamicHeightCollectionView.swift */,
				B8391B9327BACBF500330B9C /* LeftAlignedCollectionView.swift */,
				B82988F627C4EF0D001C54CF /* CustomUIView.swift */,
			);
			path = Custom;
			sourceTree = "<group>";
		};
		B8FEABB7279809D100441440 /* ViewController */ = {
			isa = PBXGroup;
			children = (
				B8452E7E27A3C53400C9BC06 /* MyInfoViewController.swift */,
				B8452E8C27A44FA300C9BC06 /* MyProfileViewController.swift */,
			);
			path = ViewController;
			sourceTree = "<group>";
		};
/* End PBXGroup section */

/* Begin PBXNativeTarget section */
		B8EDF6632795C84F0007DD67 /* SeSAC_SLP */ = {
			isa = PBXNativeTarget;
			buildConfigurationList = B8EDF67B2795C84F0007DD67 /* Build configuration list for PBXNativeTarget "SeSAC_SLP" */;
			buildPhases = (
				B8EDF6602795C84F0007DD67 /* Sources */,
				B8EDF6612795C84F0007DD67 /* Frameworks */,
				B8EDF6622795C84F0007DD67 /* Resources */,
			);
			buildRules = (
			);
			dependencies = (
			);
			name = SeSAC_SLP;
			packageProductDependencies = (
				B87F672D279626A400A30366 /* FirebaseAnalytics */,
				B87F672F279626A400A30366 /* FirebaseAuth */,
				B87F6731279626A400A30366 /* FirebaseCrashlytics */,
				B87F6733279626A400A30366 /* FirebaseMessaging */,
				B80A0C252796939E004E1BB3 /* SnapKit */,
				B80A0C2A279699BF004E1BB3 /* RxCocoa */,
				B80A0C2C279699BF004E1BB3 /* RxSwift */,
				B80A0C49279707C3004E1BB3 /* Moya */,
				B80A0C4B279707C3004E1BB3 /* RxMoya */,
				B8FEABBF2798362100441440 /* RxGesture */,
				B8519AFD279ADCA60054D7B8 /* AnyFormatKit */,
				B8519B0A279B2E730054D7B8 /* Toast */,
				B8CB92BA279D09E80062EDDE /* SkyFloatingLabelTextField */,
				B8452E8A27A43EB400C9BC06 /* RxDataSources */,
				B837C7FC27C250C400B61260 /* Tabman */,
			);
			productName = SeSAC_SLP;
			productReference = B8EDF6642795C84F0007DD67 /* SeSAC_SLP.app */;
			productType = "com.apple.product-type.application";
		};
/* End PBXNativeTarget section */

/* Begin PBXProject section */
		B8EDF65C2795C84F0007DD67 /* Project object */ = {
			isa = PBXProject;
			attributes = {
				BuildIndependentTargetsInParallel = 1;
				LastSwiftUpdateCheck = 1300;
				LastUpgradeCheck = 1300;
				TargetAttributes = {
					B8EDF6632795C84F0007DD67 = {
						CreatedOnToolsVersion = 13.0;
					};
				};
			};
			buildConfigurationList = B8EDF65F2795C84F0007DD67 /* Build configuration list for PBXProject "SeSAC_SLP" */;
			compatibilityVersion = "Xcode 13.0";
			developmentRegion = en;
			hasScannedForEncodings = 0;
			knownRegions = (
				en,
				Base,
			);
			mainGroup = B8EDF65B2795C84F0007DD67;
			packageReferences = (
				B87F672C279626A400A30366 /* XCRemoteSwiftPackageReference "firebase-ios-sdk" */,
				B80A0C242796939E004E1BB3 /* XCRemoteSwiftPackageReference "SnapKit" */,
				B80A0C29279699BF004E1BB3 /* XCRemoteSwiftPackageReference "RxSwift" */,
				B80A0C48279707C3004E1BB3 /* XCRemoteSwiftPackageReference "Moya" */,
				B8FEABBE2798362100441440 /* XCRemoteSwiftPackageReference "RxGesture" */,
				B8519AFC279ADCA50054D7B8 /* XCRemoteSwiftPackageReference "AnyFormatKit" */,
				B8519B09279B2E730054D7B8 /* XCRemoteSwiftPackageReference "Toast-Swift" */,
				B8CB92B9279D09E80062EDDE /* XCRemoteSwiftPackageReference "SkyFloatingLabelTextField" */,
				B8452E8927A43EB400C9BC06 /* XCRemoteSwiftPackageReference "RxDataSources" */,
				B837C7FB27C250C400B61260 /* XCRemoteSwiftPackageReference "Tabman" */,
			);
			productRefGroup = B8EDF6652795C84F0007DD67 /* Products */;
			projectDirPath = "";
			projectRoot = "";
			targets = (
				B8EDF6632795C84F0007DD67 /* SeSAC_SLP */,
			);
		};
/* End PBXProject section */

/* Begin PBXResourcesBuildPhase section */
		B8EDF6622795C84F0007DD67 /* Resources */ = {
			isa = PBXResourcesBuildPhase;
			buildActionMask = 2147483647;
			files = (
				B80A0C452796E905004E1BB3 /* NotoSansKR-Medium.otf in Resources */,
				B80A0C412796D9D3004E1BB3 /* CustomLabelTest.storyboard in Resources */,
				B8EDF6772795C84F0007DD67 /* LaunchScreen.storyboard in Resources */,
				B84F2A0527968BC900D2169C /* GoogleService-Info.plist in Resources */,
				B8EDF6742795C84F0007DD67 /* Assets.xcassets in Resources */,
				B80A0C442796E905004E1BB3 /* NotoSansKR-Regular.otf in Resources */,
			);
			runOnlyForDeploymentPostprocessing = 0;
		};
/* End PBXResourcesBuildPhase section */

/* Begin PBXSourcesBuildPhase section */
		B8EDF6602795C84F0007DD67 /* Sources */ = {
			isa = PBXSourcesBuildPhase;
			buildActionMask = 2147483647;
			files = (
				B837C80127C2788600B61260 /* ResultReceivedSesacViewController.swift in Sources */,
				B8F36F692798E2070088628B /* AuthViewController.swift in Sources */,
				B87D42D627A76037002D528D /* SignupHTTPViewModel.swift in Sources */,
				B80A0C3B2796C61E004E1BB3 /* UIFont+Extension.swift in Sources */,
				B87D42D927A76C80002D528D /* CommonUtility.swift in Sources */,
				B8747A9A279EAA4300FF90AD /* Date+Extension.swift in Sources */,
				B8A54DCB27A16FFE005DB56F /* TabBarController.swift in Sources */,
				B8FEABBB27980AF300441440 /* UIBarButton+Extension.swift in Sources */,
				B8CB92C0279D3FB90062EDDE /* Protocols.swift in Sources */,
				B8F36F7127990CDF0088628B /* GenderViewController.swift in Sources */,
				B8E1FA7827B640070049D80D /* StartRequestViewController.swift in Sources */,
				B8747A8E279E4A9F00FF90AD /* GenderViewModel.swift in Sources */,
				B8E1FA7A27B640120049D80D /* ResultRequestViewController.swift in Sources */,
				B8CB92BD279D26630062EDDE /* NicknameViewModel.swift in Sources */,
				B8D8048B27B7B32B00C1DF88 /* HobbyCollectionViewCell.swift in Sources */,
				B82037CA27AA5AFF00B3BC4A /* UINavigationController+Extension.swift in Sources */,
				B8747A96279E511600FF90AD /* UserDefault+Extension.swift in Sources */,
				B8519AFB279A9B9A0054D7B8 /* OnboardingCell.swift in Sources */,
				B8EDF6682795C84F0007DD67 /* AppDelegate.swift in Sources */,
				B8E1FA8227B6DED90049D80D /* StartRequestView.swift in Sources */,
				B843159827B8F58D00A6050A /* LabelUnderImgButton.swift in Sources */,
				B8452E8D27A44FA300C9BC06 /* MyProfileViewController.swift in Sources */,
				B80A0C5627971C1C004E1BB3 /* UIButton+Extension.swift in Sources */,
				B8F36F6B27990B5A0088628B /* NicknameViewController.swift in Sources */,
				B80F4E9C27C0E14000D02121 /* QueueHTTPViewModel.swift in Sources */,
				B8FEABC42798467400441440 /* SignupCustomInputView.swift in Sources */,
				B8452E8127A3C55500C9BC06 /* MyInfoViewModel.swift in Sources */,
				B8452E8627A3C97500C9BC06 /* MyProfileCell.swift in Sources */,
				B837C7F827C21B8500B61260 /* ResultRequestViewModel.swift in Sources */,
				B8EDF66A2795C84F0007DD67 /* SceneDelegate.swift in Sources */,
				B8FEABC22798454400441440 /* UITextField+Extension.swift in Sources */,
				B8452E8827A41ABC00C9BC06 /* MyInfo.swift in Sources */,
				B8FEABB52797DDA200441440 /* CustomUIButton.swift in Sources */,
				B8FEABB9279809F200441440 /* PhoneNumViewController.swift in Sources */,
				B816DB1527B2F1DF00BC16E3 /* OnQueueHTTPViewModel.swift in Sources */,
				B8E1FA8027B6DED20049D80D /* StartRequestViewModel.swift in Sources */,
				B80A0C502797080F004E1BB3 /* APITarget.swift in Sources */,
				B8452E7D27A3C51A00C9BC06 /* MyInfoView.swift in Sources */,
				B8747A8C279E4A6E00FF90AD /* EmailViewModel.swift in Sources */,
				B843159A27B8F5BD00A6050A /* HobbyButton.swift in Sources */,
				B8E1FA7E27B649270049D80D /* UIViewController+Extension.swift in Sources */,
				B802DF8C279FC5E80034D12D /* HTTPStatusCode.swift in Sources */,
				B8A54DDB27A17F69005DB56F /* MainShopViewController.swift in Sources */,
				B837C80727C2C09B00B61260 /* ResultHttpViewModel.swift in Sources */,
				B837C7FA27C21B9500B61260 /* ResultRequestView.swift in Sources */,
				B837C7FF27C2785900B61260 /* ResultNearSesacViewController.swift in Sources */,
				B8A54DCD27A171A8005DB56F /* MapViewController.swift in Sources */,
				B82037D227AA9B1600B3BC4A /* MyProfileViewModel.swift in Sources */,
				B886D13427B3CF5E00862A2E /* String+Extension.swift in Sources */,
				B80A0C3D2796CC22004E1BB3 /* UILabel+Extension.swift in Sources */,
				B8E1FA7C27B6401A0049D80D /* ChatViewController.swift in Sources */,
				B843159C27B9892C00A6050A /* DynamicHeightCollectionView.swift in Sources */,
				B80A0C28279696F8004E1BB3 /* MessageViewController.swift in Sources */,
				B816DB1727B2F4CE00BC16E3 /* AroundUser.swift in Sources */,
				B80A0C3F2796D283004E1BB3 /* CustomUILabel.swift in Sources */,
				B8452E8427A3C96B00C9BC06 /* MyInfoCell.swift in Sources */,
				B837C80327C29D9600B61260 /* ResultSesacView.swift in Sources */,
				B8519AD7279A7A4C0054D7B8 /* OnboardingViewController.swift in Sources */,
				B8452E7F27A3C53400C9BC06 /* MyInfoViewController.swift in Sources */,
				B80A0C5827971CC0004E1BB3 /* UIView+Extension.swift in Sources */,
				B84EBD8927B139AE0000A137 /* MapView.swift in Sources */,
				B82037CE27AA980B00B3BC4A /* CustomTabBar.swift in Sources */,
				B8EDF6722795C84F0007DD67 /* SeSAC_SLP.xcdatamodeld in Sources */,
				B8A54DDD27A17F8F005DB56F /* MainFriendsViewController.swift in Sources */,
				B816DB1327B2D23B00BC16E3 /* MainCase.swift in Sources */,
				B886D13627B44E5400862A2E /* SesacAnnotation.swift in Sources */,
				B8519B02279AE35C0054D7B8 /* AuthViewModel.swift in Sources */,
				B82037D027AA9B0900B3BC4A /* MyProfileView.swift in Sources */,
				B87D42DB27A76E92002D528D /* SignupCase.swift in Sources */,
				B85ACB6C27AD23CE00F7D8AD /* CustomCardView.swift in Sources */,
				B80A0C4E27970808004E1BB3 /* APIService.swift in Sources */,
				B8747A8A279E49CD00FF90AD /* BirthViewModel.swift in Sources */,
				B80A0C5427971C14004E1BB3 /* UnderlineTextField+Extension.swift in Sources */,
				B8F36F6F27990BCB0088628B /* EmailViewController.swift in Sources */,
				B87757F3279C7C730009E2D2 /* NetworkResult.swift in Sources */,
				B8519B00279AE3520054D7B8 /* PhoneNumViewModel.swift in Sources */,
				B837C80527C2C08F00B61260 /* ResultSesacViewModel.swift in Sources */,
				B84EBD8727B139A80000A137 /* MapViewModel.swift in Sources */,
				B80A0C52279719EA004E1BB3 /* SignupView.swift in Sources */,
				B8F36F6D27990B9F0088628B /* BirthViewController.swift in Sources */,
				B82988F727C4EF0D001C54CF /* CustomUIView.swift in Sources */,
				B816DB1B27B327F500BC16E3 /* Int+Extension.swift in Sources */,
				B80A0C372796C4DE004E1BB3 /* UIColor+Extension.swift in Sources */,
				B8391B9427BACBF500330B9C /* LeftAlignedCollectionView.swift in Sources */,
				B80A0C5A279720C2004E1BB3 /* CustomTextField.swift in Sources */,
				B8FEABBD27980C9B00441440 /* UINavigationBar+Extension.swift in Sources */,
				B802DF92279FD78B0034D12D /* User.swift in Sources */,
			);
			runOnlyForDeploymentPostprocessing = 0;
		};
/* End PBXSourcesBuildPhase section */

/* Begin PBXVariantGroup section */
		B8EDF6752795C84F0007DD67 /* LaunchScreen.storyboard */ = {
			isa = PBXVariantGroup;
			children = (
				B8EDF6762795C84F0007DD67 /* Base */,
			);
			name = LaunchScreen.storyboard;
			sourceTree = "<group>";
		};
/* End PBXVariantGroup section */

/* Begin XCBuildConfiguration section */
		B8EDF6792795C84F0007DD67 /* Debug */ = {
			isa = XCBuildConfiguration;
			buildSettings = {
				ALWAYS_SEARCH_USER_PATHS = NO;
				CLANG_ANALYZER_NONNULL = YES;
				CLANG_ANALYZER_NUMBER_OBJECT_CONVERSION = YES_AGGRESSIVE;
				CLANG_CXX_LANGUAGE_STANDARD = "gnu++17";
				CLANG_CXX_LIBRARY = "libc++";
				CLANG_ENABLE_MODULES = YES;
				CLANG_ENABLE_OBJC_ARC = YES;
				CLANG_ENABLE_OBJC_WEAK = YES;
				CLANG_WARN_BLOCK_CAPTURE_AUTORELEASING = YES;
				CLANG_WARN_BOOL_CONVERSION = YES;
				CLANG_WARN_COMMA = YES;
				CLANG_WARN_CONSTANT_CONVERSION = YES;
				CLANG_WARN_DEPRECATED_OBJC_IMPLEMENTATIONS = YES;
				CLANG_WARN_DIRECT_OBJC_ISA_USAGE = YES_ERROR;
				CLANG_WARN_DOCUMENTATION_COMMENTS = YES;
				CLANG_WARN_EMPTY_BODY = YES;
				CLANG_WARN_ENUM_CONVERSION = YES;
				CLANG_WARN_INFINITE_RECURSION = YES;
				CLANG_WARN_INT_CONVERSION = YES;
				CLANG_WARN_NON_LITERAL_NULL_CONVERSION = YES;
				CLANG_WARN_OBJC_IMPLICIT_RETAIN_SELF = YES;
				CLANG_WARN_OBJC_LITERAL_CONVERSION = YES;
				CLANG_WARN_OBJC_ROOT_CLASS = YES_ERROR;
				CLANG_WARN_QUOTED_INCLUDE_IN_FRAMEWORK_HEADER = YES;
				CLANG_WARN_RANGE_LOOP_ANALYSIS = YES;
				CLANG_WARN_STRICT_PROTOTYPES = YES;
				CLANG_WARN_SUSPICIOUS_MOVE = YES;
				CLANG_WARN_UNGUARDED_AVAILABILITY = YES_AGGRESSIVE;
				CLANG_WARN_UNREACHABLE_CODE = YES;
				CLANG_WARN__DUPLICATE_METHOD_MATCH = YES;
				COPY_PHASE_STRIP = NO;
				DEBUG_INFORMATION_FORMAT = dwarf;
				ENABLE_STRICT_OBJC_MSGSEND = YES;
				ENABLE_TESTABILITY = YES;
				GCC_C_LANGUAGE_STANDARD = gnu11;
				GCC_DYNAMIC_NO_PIC = NO;
				GCC_NO_COMMON_BLOCKS = YES;
				GCC_OPTIMIZATION_LEVEL = 0;
				GCC_PREPROCESSOR_DEFINITIONS = (
					"DEBUG=1",
					"$(inherited)",
				);
				GCC_WARN_64_TO_32_BIT_CONVERSION = YES;
				GCC_WARN_ABOUT_RETURN_TYPE = YES_ERROR;
				GCC_WARN_UNDECLARED_SELECTOR = YES;
				GCC_WARN_UNINITIALIZED_AUTOS = YES_AGGRESSIVE;
				GCC_WARN_UNUSED_FUNCTION = YES;
				GCC_WARN_UNUSED_VARIABLE = YES;
				IPHONEOS_DEPLOYMENT_TARGET = 14.0;
				MTL_ENABLE_DEBUG_INFO = INCLUDE_SOURCE;
				MTL_FAST_MATH = YES;
				ONLY_ACTIVE_ARCH = YES;
				SDKROOT = iphoneos;
				SWIFT_ACTIVE_COMPILATION_CONDITIONS = DEBUG;
				SWIFT_OPTIMIZATION_LEVEL = "-Onone";
			};
			name = Debug;
		};
		B8EDF67A2795C84F0007DD67 /* Release */ = {
			isa = XCBuildConfiguration;
			buildSettings = {
				ALWAYS_SEARCH_USER_PATHS = NO;
				CLANG_ANALYZER_NONNULL = YES;
				CLANG_ANALYZER_NUMBER_OBJECT_CONVERSION = YES_AGGRESSIVE;
				CLANG_CXX_LANGUAGE_STANDARD = "gnu++17";
				CLANG_CXX_LIBRARY = "libc++";
				CLANG_ENABLE_MODULES = YES;
				CLANG_ENABLE_OBJC_ARC = YES;
				CLANG_ENABLE_OBJC_WEAK = YES;
				CLANG_WARN_BLOCK_CAPTURE_AUTORELEASING = YES;
				CLANG_WARN_BOOL_CONVERSION = YES;
				CLANG_WARN_COMMA = YES;
				CLANG_WARN_CONSTANT_CONVERSION = YES;
				CLANG_WARN_DEPRECATED_OBJC_IMPLEMENTATIONS = YES;
				CLANG_WARN_DIRECT_OBJC_ISA_USAGE = YES_ERROR;
				CLANG_WARN_DOCUMENTATION_COMMENTS = YES;
				CLANG_WARN_EMPTY_BODY = YES;
				CLANG_WARN_ENUM_CONVERSION = YES;
				CLANG_WARN_INFINITE_RECURSION = YES;
				CLANG_WARN_INT_CONVERSION = YES;
				CLANG_WARN_NON_LITERAL_NULL_CONVERSION = YES;
				CLANG_WARN_OBJC_IMPLICIT_RETAIN_SELF = YES;
				CLANG_WARN_OBJC_LITERAL_CONVERSION = YES;
				CLANG_WARN_OBJC_ROOT_CLASS = YES_ERROR;
				CLANG_WARN_QUOTED_INCLUDE_IN_FRAMEWORK_HEADER = YES;
				CLANG_WARN_RANGE_LOOP_ANALYSIS = YES;
				CLANG_WARN_STRICT_PROTOTYPES = YES;
				CLANG_WARN_SUSPICIOUS_MOVE = YES;
				CLANG_WARN_UNGUARDED_AVAILABILITY = YES_AGGRESSIVE;
				CLANG_WARN_UNREACHABLE_CODE = YES;
				CLANG_WARN__DUPLICATE_METHOD_MATCH = YES;
				COPY_PHASE_STRIP = NO;
				DEBUG_INFORMATION_FORMAT = "dwarf-with-dsym";
				ENABLE_NS_ASSERTIONS = NO;
				ENABLE_STRICT_OBJC_MSGSEND = YES;
				GCC_C_LANGUAGE_STANDARD = gnu11;
				GCC_NO_COMMON_BLOCKS = YES;
				GCC_WARN_64_TO_32_BIT_CONVERSION = YES;
				GCC_WARN_ABOUT_RETURN_TYPE = YES_ERROR;
				GCC_WARN_UNDECLARED_SELECTOR = YES;
				GCC_WARN_UNINITIALIZED_AUTOS = YES_AGGRESSIVE;
				GCC_WARN_UNUSED_FUNCTION = YES;
				GCC_WARN_UNUSED_VARIABLE = YES;
				IPHONEOS_DEPLOYMENT_TARGET = 14.0;
				MTL_ENABLE_DEBUG_INFO = NO;
				MTL_FAST_MATH = YES;
				SDKROOT = iphoneos;
				SWIFT_COMPILATION_MODE = wholemodule;
				SWIFT_OPTIMIZATION_LEVEL = "-O";
				VALIDATE_PRODUCT = YES;
			};
			name = Release;
		};
		B8EDF67C2795C84F0007DD67 /* Debug */ = {
			isa = XCBuildConfiguration;
			buildSettings = {
				ASSETCATALOG_COMPILER_APPICON_NAME = AppIcon;
				ASSETCATALOG_COMPILER_GLOBAL_ACCENT_COLOR_NAME = AccentColor;
				CODE_SIGN_ENTITLEMENTS = SeSAC_SLP/SeSAC_SLP.entitlements;
				CODE_SIGN_STYLE = Automatic;
				CURRENT_PROJECT_VERSION = 1;
				DEVELOPMENT_TEAM = 2EZ5QWFYX2;
				GENERATE_INFOPLIST_FILE = YES;
				INFOPLIST_FILE = SeSAC_SLP/Info.plist;
				INFOPLIST_KEY_UIApplicationSupportsIndirectInputEvents = YES;
				INFOPLIST_KEY_UILaunchStoryboardName = LaunchScreen;
				INFOPLIST_KEY_UISupportedInterfaceOrientations_iPad = "UIInterfaceOrientationPortrait UIInterfaceOrientationPortraitUpsideDown UIInterfaceOrientationLandscapeLeft UIInterfaceOrientationLandscapeRight";
				INFOPLIST_KEY_UISupportedInterfaceOrientations_iPhone = "UIInterfaceOrientationPortrait UIInterfaceOrientationLandscapeLeft UIInterfaceOrientationLandscapeRight";
				IPHONEOS_DEPLOYMENT_TARGET = 14.0;
				LD_RUNPATH_SEARCH_PATHS = (
					"$(inherited)",
					"@executable_path/Frameworks",
				);
				MARKETING_VERSION = 1.0;
				OTHER_LDFLAGS = "-ObjC";
				PRODUCT_BUNDLE_IDENTIFIER = com.memolease.sesac1;
				PRODUCT_NAME = "$(TARGET_NAME)";
				SWIFT_EMIT_LOC_STRINGS = YES;
				SWIFT_VERSION = 5.0;
				TARGETED_DEVICE_FAMILY = "1,2";
			};
			name = Debug;
		};
		B8EDF67D2795C84F0007DD67 /* Release */ = {
			isa = XCBuildConfiguration;
			buildSettings = {
				ASSETCATALOG_COMPILER_APPICON_NAME = AppIcon;
				ASSETCATALOG_COMPILER_GLOBAL_ACCENT_COLOR_NAME = AccentColor;
				CODE_SIGN_ENTITLEMENTS = SeSAC_SLP/SeSAC_SLP.entitlements;
				CODE_SIGN_STYLE = Automatic;
				CURRENT_PROJECT_VERSION = 1;
				DEVELOPMENT_TEAM = 2EZ5QWFYX2;
				GENERATE_INFOPLIST_FILE = YES;
				INFOPLIST_FILE = SeSAC_SLP/Info.plist;
				INFOPLIST_KEY_UIApplicationSupportsIndirectInputEvents = YES;
				INFOPLIST_KEY_UILaunchStoryboardName = LaunchScreen;
				INFOPLIST_KEY_UISupportedInterfaceOrientations_iPad = "UIInterfaceOrientationPortrait UIInterfaceOrientationPortraitUpsideDown UIInterfaceOrientationLandscapeLeft UIInterfaceOrientationLandscapeRight";
				INFOPLIST_KEY_UISupportedInterfaceOrientations_iPhone = "UIInterfaceOrientationPortrait UIInterfaceOrientationLandscapeLeft UIInterfaceOrientationLandscapeRight";
				IPHONEOS_DEPLOYMENT_TARGET = 14.0;
				LD_RUNPATH_SEARCH_PATHS = (
					"$(inherited)",
					"@executable_path/Frameworks",
				);
				MARKETING_VERSION = 1.0;
				OTHER_LDFLAGS = "-ObjC";
				PRODUCT_BUNDLE_IDENTIFIER = com.memolease.sesac1;
				PRODUCT_NAME = "$(TARGET_NAME)";
				SWIFT_EMIT_LOC_STRINGS = YES;
				SWIFT_VERSION = 5.0;
				TARGETED_DEVICE_FAMILY = "1,2";
			};
			name = Release;
		};
/* End XCBuildConfiguration section */

/* Begin XCConfigurationList section */
		B8EDF65F2795C84F0007DD67 /* Build configuration list for PBXProject "SeSAC_SLP" */ = {
			isa = XCConfigurationList;
			buildConfigurations = (
				B8EDF6792795C84F0007DD67 /* Debug */,
				B8EDF67A2795C84F0007DD67 /* Release */,
			);
			defaultConfigurationIsVisible = 0;
			defaultConfigurationName = Release;
		};
		B8EDF67B2795C84F0007DD67 /* Build configuration list for PBXNativeTarget "SeSAC_SLP" */ = {
			isa = XCConfigurationList;
			buildConfigurations = (
				B8EDF67C2795C84F0007DD67 /* Debug */,
				B8EDF67D2795C84F0007DD67 /* Release */,
			);
			defaultConfigurationIsVisible = 0;
			defaultConfigurationName = Release;
		};
/* End XCConfigurationList section */

/* Begin XCRemoteSwiftPackageReference section */
		B80A0C242796939E004E1BB3 /* XCRemoteSwiftPackageReference "SnapKit" */ = {
			isa = XCRemoteSwiftPackageReference;
			repositoryURL = "https://github.com/SnapKit/SnapKit.git";
			requirement = {
				kind = upToNextMajorVersion;
				minimumVersion = 5.0.0;
			};
		};
		B80A0C29279699BF004E1BB3 /* XCRemoteSwiftPackageReference "RxSwift" */ = {
			isa = XCRemoteSwiftPackageReference;
			repositoryURL = "https://github.com/ReactiveX/RxSwift.git";
			requirement = {
				kind = upToNextMajorVersion;
				minimumVersion = 6.0.0;
			};
		};
		B80A0C48279707C3004E1BB3 /* XCRemoteSwiftPackageReference "Moya" */ = {
			isa = XCRemoteSwiftPackageReference;
			repositoryURL = "https://github.com/Moya/Moya.git";
			requirement = {
				kind = upToNextMajorVersion;
				minimumVersion = 15.0.0;
			};
		};
		B837C7FB27C250C400B61260 /* XCRemoteSwiftPackageReference "Tabman" */ = {
			isa = XCRemoteSwiftPackageReference;
			repositoryURL = "https://github.com/uias/Tabman.git";
			requirement = {
				kind = upToNextMajorVersion;
				minimumVersion = 2.0.0;
			};
		};
		B8452E8927A43EB400C9BC06 /* XCRemoteSwiftPackageReference "RxDataSources" */ = {
			isa = XCRemoteSwiftPackageReference;
			repositoryURL = "https://github.com/RxSwiftCommunity/RxDataSources.git";
			requirement = {
				kind = upToNextMajorVersion;
				minimumVersion = 5.0.0;
			};
		};
		B8519AFC279ADCA50054D7B8 /* XCRemoteSwiftPackageReference "AnyFormatKit" */ = {
			isa = XCRemoteSwiftPackageReference;
			repositoryURL = "https://github.com/luximetr/AnyFormatKit.git";
			requirement = {
				kind = upToNextMajorVersion;
				minimumVersion = 2.0.0;
			};
		};
		B8519B09279B2E730054D7B8 /* XCRemoteSwiftPackageReference "Toast-Swift" */ = {
			isa = XCRemoteSwiftPackageReference;
			repositoryURL = "https://github.com/scalessec/Toast-Swift.git";
			requirement = {
				kind = upToNextMajorVersion;
				minimumVersion = 5.0.0;
			};
		};
		B87F672C279626A400A30366 /* XCRemoteSwiftPackageReference "firebase-ios-sdk" */ = {
			isa = XCRemoteSwiftPackageReference;
			repositoryURL = "https://github.com/firebase/firebase-ios-sdk";
			requirement = {
				kind = upToNextMajorVersion;
				minimumVersion = 8.0.0;
			};
		};
		B8CB92B9279D09E80062EDDE /* XCRemoteSwiftPackageReference "SkyFloatingLabelTextField" */ = {
			isa = XCRemoteSwiftPackageReference;
			repositoryURL = "https://github.com/Skyscanner/SkyFloatingLabelTextField.git";
			requirement = {
				kind = upToNextMajorVersion;
				minimumVersion = 4.0.0;
			};
		};
		B8FEABBE2798362100441440 /* XCRemoteSwiftPackageReference "RxGesture" */ = {
			isa = XCRemoteSwiftPackageReference;
			repositoryURL = "https://github.com/RxSwiftCommunity/RxGesture.git";
			requirement = {
				kind = upToNextMajorVersion;
				minimumVersion = 4.0.0;
			};
		};
/* End XCRemoteSwiftPackageReference section */

/* Begin XCSwiftPackageProductDependency section */
		B80A0C252796939E004E1BB3 /* SnapKit */ = {
			isa = XCSwiftPackageProductDependency;
			package = B80A0C242796939E004E1BB3 /* XCRemoteSwiftPackageReference "SnapKit" */;
			productName = SnapKit;
		};
		B80A0C2A279699BF004E1BB3 /* RxCocoa */ = {
			isa = XCSwiftPackageProductDependency;
			package = B80A0C29279699BF004E1BB3 /* XCRemoteSwiftPackageReference "RxSwift" */;
			productName = RxCocoa;
		};
		B80A0C2C279699BF004E1BB3 /* RxSwift */ = {
			isa = XCSwiftPackageProductDependency;
			package = B80A0C29279699BF004E1BB3 /* XCRemoteSwiftPackageReference "RxSwift" */;
			productName = RxSwift;
		};
		B80A0C49279707C3004E1BB3 /* Moya */ = {
			isa = XCSwiftPackageProductDependency;
			package = B80A0C48279707C3004E1BB3 /* XCRemoteSwiftPackageReference "Moya" */;
			productName = Moya;
		};
		B80A0C4B279707C3004E1BB3 /* RxMoya */ = {
			isa = XCSwiftPackageProductDependency;
			package = B80A0C48279707C3004E1BB3 /* XCRemoteSwiftPackageReference "Moya" */;
			productName = RxMoya;
		};
		B837C7FC27C250C400B61260 /* Tabman */ = {
			isa = XCSwiftPackageProductDependency;
			package = B837C7FB27C250C400B61260 /* XCRemoteSwiftPackageReference "Tabman" */;
			productName = Tabman;
		};
		B8452E8A27A43EB400C9BC06 /* RxDataSources */ = {
			isa = XCSwiftPackageProductDependency;
			package = B8452E8927A43EB400C9BC06 /* XCRemoteSwiftPackageReference "RxDataSources" */;
			productName = RxDataSources;
		};
		B8519AFD279ADCA60054D7B8 /* AnyFormatKit */ = {
			isa = XCSwiftPackageProductDependency;
			package = B8519AFC279ADCA50054D7B8 /* XCRemoteSwiftPackageReference "AnyFormatKit" */;
			productName = AnyFormatKit;
		};
		B8519B0A279B2E730054D7B8 /* Toast */ = {
			isa = XCSwiftPackageProductDependency;
			package = B8519B09279B2E730054D7B8 /* XCRemoteSwiftPackageReference "Toast-Swift" */;
			productName = Toast;
		};
		B87F672D279626A400A30366 /* FirebaseAnalytics */ = {
			isa = XCSwiftPackageProductDependency;
			package = B87F672C279626A400A30366 /* XCRemoteSwiftPackageReference "firebase-ios-sdk" */;
			productName = FirebaseAnalytics;
		};
		B87F672F279626A400A30366 /* FirebaseAuth */ = {
			isa = XCSwiftPackageProductDependency;
			package = B87F672C279626A400A30366 /* XCRemoteSwiftPackageReference "firebase-ios-sdk" */;
			productName = FirebaseAuth;
		};
		B87F6731279626A400A30366 /* FirebaseCrashlytics */ = {
			isa = XCSwiftPackageProductDependency;
			package = B87F672C279626A400A30366 /* XCRemoteSwiftPackageReference "firebase-ios-sdk" */;
			productName = FirebaseCrashlytics;
		};
		B87F6733279626A400A30366 /* FirebaseMessaging */ = {
			isa = XCSwiftPackageProductDependency;
			package = B87F672C279626A400A30366 /* XCRemoteSwiftPackageReference "firebase-ios-sdk" */;
			productName = FirebaseMessaging;
		};
		B8CB92BA279D09E80062EDDE /* SkyFloatingLabelTextField */ = {
			isa = XCSwiftPackageProductDependency;
			package = B8CB92B9279D09E80062EDDE /* XCRemoteSwiftPackageReference "SkyFloatingLabelTextField" */;
			productName = SkyFloatingLabelTextField;
		};
		B8FEABBF2798362100441440 /* RxGesture */ = {
			isa = XCSwiftPackageProductDependency;
			package = B8FEABBE2798362100441440 /* XCRemoteSwiftPackageReference "RxGesture" */;
			productName = RxGesture;
		};
/* End XCSwiftPackageProductDependency section */

/* Begin XCVersionGroup section */
		B8EDF6702795C84F0007DD67 /* SeSAC_SLP.xcdatamodeld */ = {
			isa = XCVersionGroup;
			children = (
				B8EDF6712795C84F0007DD67 /* SeSAC_SLP.xcdatamodel */,
			);
			currentVersion = B8EDF6712795C84F0007DD67 /* SeSAC_SLP.xcdatamodel */;
			path = SeSAC_SLP.xcdatamodeld;
			sourceTree = "<group>";
			versionGroupType = wrapper.xcdatamodel;
		};
/* End XCVersionGroup section */
	};
	rootObject = B8EDF65C2795C84F0007DD67 /* Project object */;
}
